Microsoft Visual Studio Solution File, Format Version 12.00
# Visual Studio Version 17
VisualStudioVersion = 17.5.2.0
MinimumVisualStudioVersion = 10.0.40219.1
Project("{FAE04EC0-301F-11D3-BF4B-00C04F79EFBC}") = "eccormerce", "eccormerce.csproj", "{62F861D5-620C-173E-67EB-B83D0D337198}"
EndProject
Global
	GlobalSection(SolutionConfigurationPlatforms) = preSolution
		Debug|Any CPU = Debug|Any CPU
		Release|Any CPU = Release|Any CPU
	EndGlobalSection
	GlobalSection(ProjectConfigurationPlatforms) = postSolution
		{62F861D5-620C-173E-67EB-B83D0D337198}.Debug|Any CPU.ActiveCfg = Debug|Any CPU
		{62F861D5-620C-173E-67EB-B83D0D337198}.Debug|Any CPU.Build.0 = Debug|Any CPU
		{62F861D5-620C-173E-67EB-B83D0D337198}.Release|Any CPU.ActiveCfg = Release|Any CPU
		{62F861D5-620C-173E-67EB-B83D0D337198}.Release|Any CPU.Build.0 = Release|Any CPU
	EndGlobalSection
	GlobalSection(SolutionProperties) = preSolution
		HideSolutionNode = FALSE
	EndGlobalSection
	GlobalSection(ExtensibilityGlobals) = postSolution
		SolutionGuid = {9FFA0D2A-9B5D-4292-9FB0-04918C35E3E1}
	EndGlobalSection
EndGlobal
